
Microsoft Visual Studio Solution File, Format Version 12.00
# Visual Studio 15
Project("{FAE04EC0-301F-11D3-BF4B-00C04F79EFBC}") = "Assembly-CSharp", "Assembly-CSharp.csproj", "{5D368FD9-E586-2C87-093C-FBD3F31D9EDD}"
EndProject
Project("{FAE04EC0-301F-11D3-BF4B-00C04F79EFBC}") = "Assembly-CSharp-firstpass", "Assembly-CSharp-firstpass.csproj", "{818D4D52-4C7C-C8A7-179F-8F91CD379705}"
EndProject
Project("{FAE04EC0-301F-11D3-BF4B-00C04F79EFBC}") = "Assembly-CSharp-Editor-firstpass", "Assembly-CSharp-Editor-firstpass.csproj", "{B1D59111-C470-AA37-BD0E-6A68C868E06F}"
EndProject
Global
	GlobalSection(SolutionConfigurationPlatforms) = preSolution
		Debug|Any CPU = Debug|Any CPU
		Release|Any CPU = Release|Any CPU
	EndGlobalSection
	GlobalSection(ProjectConfigurationPlatforms) = postSolution
		{5D368FD9-E586-2C87-093C-FBD3F31D9EDD}.Debug|Any CPU.ActiveCfg = Debug|Any CPU
		{5D368FD9-E586-2C87-093C-FBD3F31D9EDD}.Debug|Any CPU.Build.0 = Debug|Any CPU
		{5D368FD9-E586-2C87-093C-FBD3F31D9EDD}.Release|Any CPU.ActiveCfg = Release|Any CPU
		{5D368FD9-E586-2C87-093C-FBD3F31D9EDD}.Release|Any CPU.Build.0 = Release|Any CPU
		{818D4D52-4C7C-C8A7-179F-8F91CD379705}.Debug|Any CPU.ActiveCfg = Debug|Any CPU
		{818D4D52-4C7C-C8A7-179F-8F91CD379705}.Debug|Any CPU.Build.0 = Debug|Any CPU
		{818D4D52-4C7C-C8A7-179F-8F91CD379705}.Release|Any CPU.ActiveCfg = Release|Any CPU
		{818D4D52-4C7C-C8A7-179F-8F91CD379705}.Release|Any CPU.Build.0 = Release|Any CPU
		{B1D59111-C470-AA37-BD0E-6A68C868E06F}.Debug|Any CPU.ActiveCfg = Debug|Any CPU
		{B1D59111-C470-AA37-BD0E-6A68C868E06F}.Debug|Any CPU.Build.0 = Debug|Any CPU
		{B1D59111-C470-AA37-BD0E-6A68C868E06F}.Release|Any CPU.ActiveCfg = Release|Any CPU
		{B1D59111-C470-AA37-BD0E-6A68C868E06F}.Release|Any CPU.Build.0 = Release|Any CPU
	EndGlobalSection
	GlobalSection(SolutionProperties) = preSolution
		HideSolutionNode = FALSE
	EndGlobalSection
EndGlobal
